
Microsoft Visual Studio Solution File, Format Version 12.00
# Visual Studio Version 17
VisualStudioVersion = 17.10.35013.160
MinimumVisualStudioVersion = 10.0.40219.1
Project("{FAE04EC0-301F-11D3-BF4B-00C04F79EFBC}") = "Avaliacoes", "Avaliacoes\Avaliacoes.csproj", "{4AC52A8B-72B2-4433-9646-3A6D87413613}"
EndProject
Project("{FAE04EC0-301F-11D3-BF4B-00C04F79EFBC}") = "Frontend", "Frontend\Frontend.csproj", "{6FDF9438-60B9-4F64-8DFE-60E23B8E6E92}"
EndProject
Global
	GlobalSection(SolutionConfigurationPlatforms) = preSolution
		Debug|Any CPU = Debug|Any CPU
		Release|Any CPU = Release|Any CPU
	EndGlobalSection
	GlobalSection(ProjectConfigurationPlatforms) = postSolution
		{4AC52A8B-72B2-4433-9646-3A6D87413613}.Debug|Any CPU.ActiveCfg = Debug|Any CPU
		{4AC52A8B-72B2-4433-9646-3A6D87413613}.Debug|Any CPU.Build.0 = Debug|Any CPU
		{4AC52A8B-72B2-4433-9646-3A6D87413613}.Release|Any CPU.ActiveCfg = Release|Any CPU
		{4AC52A8B-72B2-4433-9646-3A6D87413613}.Release|Any CPU.Build.0 = Release|Any CPU
		{6FDF9438-60B9-4F64-8DFE-60E23B8E6E92}.Debug|Any CPU.ActiveCfg = Debug|Any CPU
		{6FDF9438-60B9-4F64-8DFE-60E23B8E6E92}.Debug|Any CPU.Build.0 = Debug|Any CPU
		{6FDF9438-60B9-4F64-8DFE-60E23B8E6E92}.Release|Any CPU.ActiveCfg = Release|Any CPU
		{6FDF9438-60B9-4F64-8DFE-60E23B8E6E92}.Release|Any CPU.Build.0 = Release|Any CPU
	EndGlobalSection
	GlobalSection(SolutionProperties) = preSolution
		HideSolutionNode = FALSE
	EndGlobalSection
	GlobalSection(ExtensibilityGlobals) = postSolution
		SolutionGuid = {ABBCB248-FD17-4063-B93B-579FABE4CF82}
	EndGlobalSection
EndGlobal
